
Microsoft Visual Studio Solution File, Format Version 12.00
# Visual Studio Version 16
VisualStudioVersion = 16.0.32630.194
MinimumVisualStudioVersion = 10.0.40219.1
Project("{FAE04EC0-301F-11D3-BF4B-00C04F79EFBC}") = "Gestor_Clientes", "Gestor_Clientes\Gestor_Clientes.csproj", "{C9002AA9-6F84-4FA6-A524-0DEDE6FB4F0B}"
EndProject
Global
	GlobalSection(SolutionConfigurationPlatforms) = preSolution
		Debug|Any CPU = Debug|Any CPU
		Release|Any CPU = Release|Any CPU
	EndGlobalSection
	GlobalSection(ProjectConfigurationPlatforms) = postSolution
		{C9002AA9-6F84-4FA6-A524-0DEDE6FB4F0B}.Debug|Any CPU.ActiveCfg = Debug|Any CPU
		{C9002AA9-6F84-4FA6-A524-0DEDE6FB4F0B}.Debug|Any CPU.Build.0 = Debug|Any CPU
		{C9002AA9-6F84-4FA6-A524-0DEDE6FB4F0B}.Release|Any CPU.ActiveCfg = Release|Any CPU
		{C9002AA9-6F84-4FA6-A524-0DEDE6FB4F0B}.Release|Any CPU.Build.0 = Release|Any CPU
	EndGlobalSection
	GlobalSection(SolutionProperties) = preSolution
		HideSolutionNode = FALSE
	EndGlobalSection
	GlobalSection(ExtensibilityGlobals) = postSolution
		SolutionGuid = {D2139E8C-743B-40C6-81DF-9CA363DF6E0A}
	EndGlobalSection
EndGlobal
